
Microsoft Visual Studio Solution File, Format Version 12.00
# Visual Studio 15
VisualStudioVersion = 15.0.28010.2048
MinimumVisualStudioVersion = 10.0.40219.1
Project("{FAE04EC0-301F-11D3-BF4B-00C04F79EFBC}") = "Lab10_WindowsFormProperties", "Lab10_WindowsFormProperties\Lab10_WindowsFormProperties.csproj", "{2EC59A78-7078-48B2-B4F6-95BED09D1020}"
EndProject
Global
	GlobalSection(SolutionConfigurationPlatforms) = preSolution
		Debug|Any CPU = Debug|Any CPU
		Release|Any CPU = Release|Any CPU
	EndGlobalSection
	GlobalSection(ProjectConfigurationPlatforms) = postSolution
		{2EC59A78-7078-48B2-B4F6-95BED09D1020}.Debug|Any CPU.ActiveCfg = Debug|Any CPU
		{2EC59A78-7078-48B2-B4F6-95BED09D1020}.Debug|Any CPU.Build.0 = Debug|Any CPU
		{2EC59A78-7078-48B2-B4F6-95BED09D1020}.Release|Any CPU.ActiveCfg = Release|Any CPU
		{2EC59A78-7078-48B2-B4F6-95BED09D1020}.Release|Any CPU.Build.0 = Release|Any CPU
	EndGlobalSection
	GlobalSection(SolutionProperties) = preSolution
		HideSolutionNode = FALSE
	EndGlobalSection
	GlobalSection(ExtensibilityGlobals) = postSolution
		SolutionGuid = {C6651FF9-EC0F-443C-B4F7-3B5028497310}
	EndGlobalSection
EndGlobal
